
Microsoft Visual Studio Solution File, Format Version 12.00
# Visual Studio Version 17
VisualStudioVersion = 17.5.2.0
MinimumVisualStudioVersion = 10.0.40219.1
Project("{2150E333-8FDC-42A3-9474-1A3956D46DE8}") = "src", "src", "{827E0CD3-B72D-47B6-A68D-7590B98EB39B}"
EndProject
Project("{FAE04EC0-301F-11D3-BF4B-00C04F79EFBC}") = "Api", "src\Api\Api.csproj", "{CBAFC0F9-5B69-AE5B-776E-B650E010DF04}"
EndProject
Project("{FAE04EC0-301F-11D3-BF4B-00C04F79EFBC}") = "Domain", "src\Domain\Domain.csproj", "{72764FA9-4A25-45E5-88E6-859FEFB7B186}"
EndProject
Project("{2150E333-8FDC-42A3-9474-1A3956D46DE8}") = "tests", "tests", "{0AB3BF05-4346-4AA6-1389-037BE0695223}"
EndProject
Project("{FAE04EC0-301F-11D3-BF4B-00C04F79EFBC}") = "Domain.Tests", "tests\Domain.Tests\Domain.Tests.csproj", "{18FE2860-2ADE-482A-A26C-5D8799ACE574}"
EndProject
Global
	GlobalSection(SolutionConfigurationPlatforms) = preSolution
		Debug|Any CPU = Debug|Any CPU
		Debug|x64 = Debug|x64
		Debug|x86 = Debug|x86
		Release|Any CPU = Release|Any CPU
		Release|x64 = Release|x64
		Release|x86 = Release|x86
	EndGlobalSection
	GlobalSection(ProjectConfigurationPlatforms) = postSolution
		{CBAFC0F9-5B69-AE5B-776E-B650E010DF04}.Debug|Any CPU.ActiveCfg = Debug|Any CPU
		{CBAFC0F9-5B69-AE5B-776E-B650E010DF04}.Debug|Any CPU.Build.0 = Debug|Any CPU
		{CBAFC0F9-5B69-AE5B-776E-B650E010DF04}.Debug|x64.ActiveCfg = Debug|Any CPU
		{CBAFC0F9-5B69-AE5B-776E-B650E010DF04}.Debug|x64.Build.0 = Debug|Any CPU
		{CBAFC0F9-5B69-AE5B-776E-B650E010DF04}.Debug|x86.ActiveCfg = Debug|Any CPU
		{CBAFC0F9-5B69-AE5B-776E-B650E010DF04}.Debug|x86.Build.0 = Debug|Any CPU
		{CBAFC0F9-5B69-AE5B-776E-B650E010DF04}.Release|Any CPU.ActiveCfg = Release|Any CPU
		{CBAFC0F9-5B69-AE5B-776E-B650E010DF04}.Release|Any CPU.Build.0 = Release|Any CPU
		{CBAFC0F9-5B69-AE5B-776E-B650E010DF04}.Release|x64.ActiveCfg = Release|Any CPU
		{CBAFC0F9-5B69-AE5B-776E-B650E010DF04}.Release|x64.Build.0 = Release|Any CPU
		{CBAFC0F9-5B69-AE5B-776E-B650E010DF04}.Release|x86.ActiveCfg = Release|Any CPU
		{CBAFC0F9-5B69-AE5B-776E-B650E010DF04}.Release|x86.Build.0 = Release|Any CPU
		{72764FA9-4A25-45E5-88E6-859FEFB7B186}.Debug|Any CPU.ActiveCfg = Debug|Any CPU
		{72764FA9-4A25-45E5-88E6-859FEFB7B186}.Debug|Any CPU.Build.0 = Debug|Any CPU
		{72764FA9-4A25-45E5-88E6-859FEFB7B186}.Debug|x64.ActiveCfg = Debug|Any CPU
		{72764FA9-4A25-45E5-88E6-859FEFB7B186}.Debug|x64.Build.0 = Debug|Any CPU
		{72764FA9-4A25-45E5-88E6-859FEFB7B186}.Debug|x86.ActiveCfg = Debug|Any CPU
		{72764FA9-4A25-45E5-88E6-859FEFB7B186}.Debug|x86.Build.0 = Debug|Any CPU
		{72764FA9-4A25-45E5-88E6-859FEFB7B186}.Release|Any CPU.ActiveCfg = Release|Any CPU
		{72764FA9-4A25-45E5-88E6-859FEFB7B186}.Release|Any CPU.Build.0 = Release|Any CPU
		{72764FA9-4A25-45E5-88E6-859FEFB7B186}.Release|x64.ActiveCfg = Release|Any CPU
		{72764FA9-4A25-45E5-88E6-859FEFB7B186}.Release|x64.Build.0 = Release|Any CPU
		{72764FA9-4A25-45E5-88E6-859FEFB7B186}.Release|x86.ActiveCfg = Release|Any CPU
		{72764FA9-4A25-45E5-88E6-859FEFB7B186}.Release|x86.Build.0 = Release|Any CPU
		{18FE2860-2ADE-482A-A26C-5D8799ACE574}.Debug|Any CPU.ActiveCfg = Debug|Any CPU
		{18FE2860-2ADE-482A-A26C-5D8799ACE574}.Debug|Any CPU.Build.0 = Debug|Any CPU
		{18FE2860-2ADE-482A-A26C-5D8799ACE574}.Debug|x64.ActiveCfg = Debug|Any CPU
		{18FE2860-2ADE-482A-A26C-5D8799ACE574}.Debug|x64.Build.0 = Debug|Any CPU
		{18FE2860-2ADE-482A-A26C-5D8799ACE574}.Debug|x86.ActiveCfg = Debug|Any CPU
		{18FE2860-2ADE-482A-A26C-5D8799ACE574}.Debug|x86.Build.0 = Debug|Any CPU
		{18FE2860-2ADE-482A-A26C-5D8799ACE574}.Release|Any CPU.ActiveCfg = Release|Any CPU
		{18FE2860-2ADE-482A-A26C-5D8799ACE574}.Release|Any CPU.Build.0 = Release|Any CPU
		{18FE2860-2ADE-482A-A26C-5D8799ACE574}.Release|x64.ActiveCfg = Release|Any CPU
		{18FE2860-2ADE-482A-A26C-5D8799ACE574}.Release|x64.Build.0 = Release|Any CPU
		{18FE2860-2ADE-482A-A26C-5D8799ACE574}.Release|x86.ActiveCfg = Release|Any CPU
		{18FE2860-2ADE-482A-A26C-5D8799ACE574}.Release|x86.Build.0 = Release|Any CPU
	EndGlobalSection
	GlobalSection(SolutionProperties) = preSolution
		HideSolutionNode = FALSE
	EndGlobalSection
	GlobalSection(NestedProjects) = preSolution
		{CBAFC0F9-5B69-AE5B-776E-B650E010DF04} = {827E0CD3-B72D-47B6-A68D-7590B98EB39B}
		{72764FA9-4A25-45E5-88E6-859FEFB7B186} = {827E0CD3-B72D-47B6-A68D-7590B98EB39B}
		{18FE2860-2ADE-482A-A26C-5D8799ACE574} = {0AB3BF05-4346-4AA6-1389-037BE0695223}
	EndGlobalSection
	GlobalSection(ExtensibilityGlobals) = postSolution
		SolutionGuid = {F8B84916-8BFD-4AF6-9919-73A5F77CC9F0}
	EndGlobalSection
EndGlobal
